Microsoft Visual Studio Solution File, Format Version 12.00
# Visual Studio Version 17
VisualStudioVersion = 17.5.2.0
MinimumVisualStudioVersion = 10.0.40219.1
Project("{FAE04EC0-301F-11D3-BF4B-00C04F79EFBC}") = "SaliTest.Api", "SaliTest.Api\SaliTest.Api.csproj", "{E2D6E2FD-B5BD-899A-8572-67681DF09474}"
EndProject
Project("{FAE04EC0-301F-11D3-BF4B-00C04F79EFBC}") = "SaliTest.Application", "SaliTest.Application\SaliTest.Application.csproj", "{A2AB83DC-BAD6-4D38-F655-8EA524023E6B}"
EndProject
Project("{FAE04EC0-301F-11D3-BF4B-00C04F79EFBC}") = "SaliTest.Domain", "SaliTest.Domain\SaliTest.Domain.csproj", "{EE1550F5-FF82-D4FC-F07E-E8514F713239}"
EndProject
Project("{FAE04EC0-301F-11D3-BF4B-00C04F79EFBC}") = "SaliTest.Infrastructure", "SaliTest.Infrastructure\SaliTest.Infrastructure.csproj", "{3BF327A0-16B1-F5FD-5B3B-09E43C453341}"
EndProject
Global
	GlobalSection(SolutionConfigurationPlatforms) = preSolution
		Debug|Any CPU = Debug|Any CPU
		Release|Any CPU = Release|Any CPU
	EndGlobalSection
	GlobalSection(ProjectConfigurationPlatforms) = postSolution
		{E2D6E2FD-B5BD-899A-8572-67681DF09474}.Debug|Any CPU.ActiveCfg = Debug|Any CPU
		{E2D6E2FD-B5BD-899A-8572-67681DF09474}.Debug|Any CPU.Build.0 = Debug|Any CPU
		{E2D6E2FD-B5BD-899A-8572-67681DF09474}.Release|Any CPU.ActiveCfg = Release|Any CPU
		{E2D6E2FD-B5BD-899A-8572-67681DF09474}.Release|Any CPU.Build.0 = Release|Any CPU
		{A2AB83DC-BAD6-4D38-F655-8EA524023E6B}.Debug|Any CPU.ActiveCfg = Debug|Any CPU
		{A2AB83DC-BAD6-4D38-F655-8EA524023E6B}.Debug|Any CPU.Build.0 = Debug|Any CPU
		{A2AB83DC-BAD6-4D38-F655-8EA524023E6B}.Release|Any CPU.ActiveCfg = Release|Any CPU
		{A2AB83DC-BAD6-4D38-F655-8EA524023E6B}.Release|Any CPU.Build.0 = Release|Any CPU
		{EE1550F5-FF82-D4FC-F07E-E8514F713239}.Debug|Any CPU.ActiveCfg = Debug|Any CPU
		{EE1550F5-FF82-D4FC-F07E-E8514F713239}.Debug|Any CPU.Build.0 = Debug|Any CPU
		{EE1550F5-FF82-D4FC-F07E-E8514F713239}.Release|Any CPU.ActiveCfg = Release|Any CPU
		{EE1550F5-FF82-D4FC-F07E-E8514F713239}.Release|Any CPU.Build.0 = Release|Any CPU
		{3BF327A0-16B1-F5FD-5B3B-09E43C453341}.Debug|Any CPU.ActiveCfg = Debug|Any CPU
		{3BF327A0-16B1-F5FD-5B3B-09E43C453341}.Debug|Any CPU.Build.0 = Debug|Any CPU
		{3BF327A0-16B1-F5FD-5B3B-09E43C453341}.Release|Any CPU.ActiveCfg = Release|Any CPU
		{3BF327A0-16B1-F5FD-5B3B-09E43C453341}.Release|Any CPU.Build.0 = Release|Any CPU
	EndGlobalSection
	GlobalSection(SolutionProperties) = preSolution
		HideSolutionNode = FALSE
	EndGlobalSection
	GlobalSection(ExtensibilityGlobals) = postSolution
		SolutionGuid = {AE07904B-A4CA-49E8-A85B-6602C34A43C1}
	EndGlobalSection
EndGlobal
